
Microsoft Visual Studio Solution File, Format Version 12.00
# Visual Studio Version 17
VisualStudioVersion = 17.0.31903.59
MinimumVisualStudioVersion = 10.0.40219.1
Project("{FAE04EC0-301F-11D3-BF4B-00C04F79EFBC}") = "Chummer.Core", "Chummer.Core\Chummer.Core.csproj", "{510441B2-40E7-4910-ADB6-47A9D50020F9}"
EndProject
Project("{FAE04EC0-301F-11D3-BF4B-00C04F79EFBC}") = "Chummer.UI", "Chummer.UI\Chummer.UI.csproj", "{823FEE71-0D82-43FB-A85D-AB96E01C9C03}"
EndProject
Project("{FAE04EC0-301F-11D3-BF4B-00C04F79EFBC}") = "Chummer.Desktop", "Chummer.Desktop\Chummer.Desktop.csproj", "{A40C78E8-6082-40D2-9996-B10DB2BBB4B7}"
EndProject
Project("{FAE04EC0-301F-11D3-BF4B-00C04F79EFBC}") = "Chummer.Android", "Chummer.Android\Chummer.Android.csproj", "{6D42B035-65EC-4214-AC38-1AAD996305E2}"
EndProject
Global
	GlobalSection(SolutionConfigurationPlatforms) = preSolution
		Debug|Any CPU = Debug|Any CPU
		Debug|x64 = Debug|x64
		Debug|x86 = Debug|x86
		Release|Any CPU = Release|Any CPU
		Release|x64 = Release|x64
		Release|x86 = Release|x86
	EndGlobalSection
	GlobalSection(ProjectConfigurationPlatforms) = postSolution
		{510441B2-40E7-4910-ADB6-47A9D50020F9}.Debug|Any CPU.ActiveCfg = Debug|Any CPU
		{510441B2-40E7-4910-ADB6-47A9D50020F9}.Debug|Any CPU.Build.0 = Debug|Any CPU
		{510441B2-40E7-4910-ADB6-47A9D50020F9}.Debug|x64.ActiveCfg = Debug|Any CPU
		{510441B2-40E7-4910-ADB6-47A9D50020F9}.Debug|x64.Build.0 = Debug|Any CPU
		{510441B2-40E7-4910-ADB6-47A9D50020F9}.Debug|x86.ActiveCfg = Debug|Any CPU
		{510441B2-40E7-4910-ADB6-47A9D50020F9}.Debug|x86.Build.0 = Debug|Any CPU
		{510441B2-40E7-4910-ADB6-47A9D50020F9}.Release|Any CPU.ActiveCfg = Release|Any CPU
		{510441B2-40E7-4910-ADB6-47A9D50020F9}.Release|Any CPU.Build.0 = Release|Any CPU
		{510441B2-40E7-4910-ADB6-47A9D50020F9}.Release|x64.ActiveCfg = Release|Any CPU
		{510441B2-40E7-4910-ADB6-47A9D50020F9}.Release|x64.Build.0 = Release|Any CPU
		{510441B2-40E7-4910-ADB6-47A9D50020F9}.Release|x86.ActiveCfg = Release|Any CPU
		{510441B2-40E7-4910-ADB6-47A9D50020F9}.Release|x86.Build.0 = Release|Any CPU
		{823FEE71-0D82-43FB-A85D-AB96E01C9C03}.Debug|Any CPU.ActiveCfg = Debug|Any CPU
		{823FEE71-0D82-43FB-A85D-AB96E01C9C03}.Debug|Any CPU.Build.0 = Debug|Any CPU
		{823FEE71-0D82-43FB-A85D-AB96E01C9C03}.Debug|x64.ActiveCfg = Debug|Any CPU
		{823FEE71-0D82-43FB-A85D-AB96E01C9C03}.Debug|x64.Build.0 = Debug|Any CPU
		{823FEE71-0D82-43FB-A85D-AB96E01C9C03}.Debug|x86.ActiveCfg = Debug|Any CPU
		{823FEE71-0D82-43FB-A85D-AB96E01C9C03}.Debug|x86.Build.0 = Debug|Any CPU
		{823FEE71-0D82-43FB-A85D-AB96E01C9C03}.Release|Any CPU.ActiveCfg = Release|Any CPU
		{823FEE71-0D82-43FB-A85D-AB96E01C9C03}.Release|Any CPU.Build.0 = Release|Any CPU
		{823FEE71-0D82-43FB-A85D-AB96E01C9C03}.Release|x64.ActiveCfg = Release|Any CPU
		{823FEE71-0D82-43FB-A85D-AB96E01C9C03}.Release|x64.Build.0 = Release|Any CPU
		{823FEE71-0D82-43FB-A85D-AB96E01C9C03}.Release|x86.ActiveCfg = Release|Any CPU
		{823FEE71-0D82-43FB-A85D-AB96E01C9C03}.Release|x86.Build.0 = Release|Any CPU
		{A40C78E8-6082-40D2-9996-B10DB2BBB4B7}.Debug|Any CPU.ActiveCfg = Debug|Any CPU
		{A40C78E8-6082-40D2-9996-B10DB2BBB4B7}.Debug|Any CPU.Build.0 = Debug|Any CPU
		{A40C78E8-6082-40D2-9996-B10DB2BBB4B7}.Debug|x64.ActiveCfg = Debug|Any CPU
		{A40C78E8-6082-40D2-9996-B10DB2BBB4B7}.Debug|x64.Build.0 = Debug|Any CPU
		{A40C78E8-6082-40D2-9996-B10DB2BBB4B7}.Debug|x86.ActiveCfg = Debug|Any CPU
		{A40C78E8-6082-40D2-9996-B10DB2BBB4B7}.Debug|x86.Build.0 = Debug|Any CPU
		{A40C78E8-6082-40D2-9996-B10DB2BBB4B7}.Release|Any CPU.ActiveCfg = Release|Any CPU
		{A40C78E8-6082-40D2-9996-B10DB2BBB4B7}.Release|Any CPU.Build.0 = Release|Any CPU
		{A40C78E8-6082-40D2-9996-B10DB2BBB4B7}.Release|x64.ActiveCfg = Release|Any CPU
		{A40C78E8-6082-40D2-9996-B10DB2BBB4B7}.Release|x64.Build.0 = Release|Any CPU
		{A40C78E8-6082-40D2-9996-B10DB2BBB4B7}.Release|x86.ActiveCfg = Release|Any CPU
		{A40C78E8-6082-40D2-9996-B10DB2BBB4B7}.Release|x86.Build.0 = Release|Any CPU
		{6D42B035-65EC-4214-AC38-1AAD996305E2}.Debug|Any CPU.ActiveCfg = Debug|Any CPU
		{6D42B035-65EC-4214-AC38-1AAD996305E2}.Debug|Any CPU.Build.0 = Debug|Any CPU
		{6D42B035-65EC-4214-AC38-1AAD996305E2}.Debug|x64.ActiveCfg = Debug|Any CPU
		{6D42B035-65EC-4214-AC38-1AAD996305E2}.Debug|x64.Build.0 = Debug|Any CPU
		{6D42B035-65EC-4214-AC38-1AAD996305E2}.Debug|x86.ActiveCfg = Debug|Any CPU
		{6D42B035-65EC-4214-AC38-1AAD996305E2}.Debug|x86.Build.0 = Debug|Any CPU
		{6D42B035-65EC-4214-AC38-1AAD996305E2}.Release|Any CPU.ActiveCfg = Release|Any CPU
		{6D42B035-65EC-4214-AC38-1AAD996305E2}.Release|Any CPU.Build.0 = Release|Any CPU
		{6D42B035-65EC-4214-AC38-1AAD996305E2}.Release|x64.ActiveCfg = Release|Any CPU
		{6D42B035-65EC-4214-AC38-1AAD996305E2}.Release|x64.Build.0 = Release|Any CPU
		{6D42B035-65EC-4214-AC38-1AAD996305E2}.Release|x86.ActiveCfg = Release|Any CPU
		{6D42B035-65EC-4214-AC38-1AAD996305E2}.Release|x86.Build.0 = Release|Any CPU
	EndGlobalSection
	GlobalSection(SolutionProperties) = preSolution
		HideSolutionNode = FALSE
	EndGlobalSection
EndGlobal
